// !$*UTF8*$!
{
	archiveVersion = 1;
	classes = {
	};
	objectVersion = 48;
	objects = {

/* Begin PBXBuildFile section */
		2C683BB7B46270A1CC51484C /* libPods-XMSampleTests.a in Frameworks */ = {isa = PBXBuildFile; fileRef = 1E02AE184FE14C4F8075C57E /* libPods-XMSampleTests.a */; };
		863CF8611FAB02D600695886 /* SampleViewController.m in Sources */ = {isa = PBXBuildFile; fileRef = 863CF8601FAB02D600695886 /* SampleViewController.m */; };
		865F7A9A1FB1A5CD004BE74A /* XMSubHeader.m in Sources */ = {isa = PBXBuildFile; fileRef = 865F7A991FB1A5CD004BE74A /* XMSubHeader.m */; };
		867A74131FB2A5AE0024E096 /* XMHeaderView.m in Sources */ = {isa = PBXBuildFile; fileRef = 867A74121FB2A5AE0024E096 /* XMHeaderView.m */; };
		868D72931FB3F5A600164B3C /* SampleNavController.m in Sources */ = {isa = PBXBuildFile; fileRef = 868D72921FB3F5A600164B3C /* SampleNavController.m */; };
		86AE31521FA95DE500927F55 /* AppDelegate.m in Sources */ = {isa = PBXBuildFile; fileRef = 86AE31511FA95DE500927F55 /* AppDelegate.m */; };
		86AE31551FA95DE500927F55 /* ViewController.m in Sources */ = {isa = PBXBuildFile; fileRef = 86AE31541FA95DE500927F55 /* ViewController.m */; };
		86AE31581FA95DE500927F55 /* Main.storyboard in Resources */ = {isa = PBXBuildFile; fileRef = 86AE31561FA95DE500927F55 /* Main.storyboard */; };
		86AE315A1FA95DE500927F55 /* Assets.xcassets in Resources */ = {isa = PBXBuildFile; fileRef = 86AE31591FA95DE500927F55 /* Assets.xcassets */; };
		86AE315D1FA95DE500927F55 /* LaunchScreen.storyboard in Resources */ = {isa = PBXBuildFile; fileRef = 86AE315B1FA95DE500927F55 /* LaunchScreen.storyboard */; };
		86AE31601FA95DE500927F55 /* main.m in Sources */ = {isa = PBXBuildFile; fileRef = 86AE315F1FA95DE500927F55 /* main.m */; };
		86AE316A1FA95DE600927F55 /* XMSampleTests.m in Sources */ = {isa = PBXBuildFile; fileRef = 86AE31691FA95DE600927F55 /* XMSampleTests.m */; };
		86AE31751FA95DE600927F55 /* XMSampleUITests.m in Sources */ = {isa = PBXBuildFile; fileRef = 86AE31741FA95DE600927F55 /* XMSampleUITests.m */; };
		86AE31841FA961DD00927F55 /* XMTabbarViewController.m in Sources */ = {isa = PBXBuildFile; fileRef = 86AE31831FA961DD00927F55 /* XMTabbarViewController.m */; };
		86AE31871FA96AA600927F55 /* UIView+LayoutConstraint.m in Sources */ = {isa = PBXBuildFile; fileRef = 86AE31861FA96AA500927F55 /* UIView+LayoutConstraint.m */; };
		86AE318D1FA9AD7500927F55 /* xmusic-iconfont.eot in Resources */ = {isa = PBXBuildFile; fileRef = 86AE31891FA9AD7500927F55 /* xmusic-iconfont.eot */; };
		86AE318E1FA9AD7500927F55 /* xmusic-iconfont.svg in Resources */ = {isa = PBXBuildFile; fileRef = 86AE318A1FA9AD7500927F55 /* xmusic-iconfont.svg */; };
		86AE318F1FA9AD7500927F55 /* xmusic-iconfont.ttf in Resources */ = {isa = PBXBuildFile; fileRef = 86AE318B1FA9AD7500927F55 /* xmusic-iconfont.ttf */; };
		86AE31901FA9AD7500927F55 /* xmusic-iconfont.woff in Resources */ = {isa = PBXBuildFile; fileRef = 86AE318C1FA9AD7500927F55 /* xmusic-iconfont.woff */; };
		86AE31931FA9B0CD00927F55 /* UIImage+Ext.m in Sources */ = {isa = PBXBuildFile; fileRef = 86AE31921FA9B0CD00927F55 /* UIImage+Ext.m */; };
		86C702BF1FAC202F00C463BD /* XMTableView.m in Sources */ = {isa = PBXBuildFile; fileRef = 86C702BE1FAC202F00C463BD /* XMTableView.m */; };
		86C702C21FAC205700C463BD /* XMTableViewCell.m in Sources */ = {isa = PBXBuildFile; fileRef = 86C702C11FAC205700C463BD /* XMTableViewCell.m */; };
		86D4B72C1FB2B60600E8C9DF /* CarouselizedCell.m in Sources */ = {isa = PBXBuildFile; fileRef = 86D4B72B1FB2B60600E8C9DF /* CarouselizedCell.m */; };
		CD6AD4849BBF84CD0CA76032 /* libPods-XMSample.a in Frameworks */ = {isa = PBXBuildFile; fileRef = 06D2366559B949F5E395270E /* libPods-XMSample.a */; };
		E2BCEA4222EE9BD8594BA48B /* libPods-XMSampleUITests.a in Frameworks */ = {isa = PBXBuildFile; fileRef = 884EC935429AFBC892907DAB /* libPods-XMSampleUITests.a */; };
/* End PBXBuildFile section */

/* Begin PBXContainerItemProxy section */
		86AE31661FA95DE600927F55 /* PBXContainerItemProxy */ = {
			isa = PBXContainerItemProxy;
			containerPortal = 86AE31451FA95DE500927F55 /* Project object */;
			proxyType = 1;
			remoteGlobalIDString = 86AE314C1FA95DE500927F55;
			remoteInfo = XMSample;
		};
		86AE31711FA95DE600927F55 /* PBXContainerItemProxy */ = {
			isa = PBXContainerItemProxy;
			containerPortal = 86AE31451FA95DE500927F55 /* Project object */;
			proxyType = 1;
			remoteGlobalIDString = 86AE314C1FA95DE500927F55;
			remoteInfo = XMSample;
		};
/* End PBXContainerItemProxy section */

/* Begin PBXFileReference section */
		06D2366559B949F5E395270E /* libPods-XMSample.a */ = {isa = PBXFileReference; explicitFileType = archive.ar; includeInIndex = 0; path = "libPods-XMSample.a"; sourceTree = BUILT_PRODUCTS_DIR; };
		0D684D2FC760D5364FBB37A5 /* Pods-XMSample.debug.xcconfig */ = {isa = PBXFileReference; includeInIndex = 1; lastKnownFileType = text.xcconfig; name = "Pods-XMSample.debug.xcconfig"; path = "Pods/Target Support Files/Pods-XMSample/Pods-XMSample.debug.xcconfig"; sourceTree = "<group>"; };
		1E02AE184FE14C4F8075C57E /* libPods-XMSampleTests.a */ = {isa = PBXFileReference; explicitFileType = archive.ar; includeInIndex = 0; path = "libPods-XMSampleTests.a"; sourceTree = BUILT_PRODUCTS_DIR; };
		2B29FD1C294E9FCDE116D224 /* Pods-XMSampleTests.debug.xcconfig */ = {isa = PBXFileReference; includeInIndex = 1; lastKnownFileType = text.xcconfig; name = "Pods-XMSampleTests.debug.xcconfig"; path = "Pods/Target Support Files/Pods-XMSampleTests/Pods-XMSampleTests.debug.xcconfig"; sourceTree = "<group>"; };
		42AD247058192323670C0C63 /* Pods-XMSampleTests.release.xcconfig */ = {isa = PBXFileReference; includeInIndex = 1; lastKnownFileType = text.xcconfig; name = "Pods-XMSampleTests.release.xcconfig"; path = "Pods/Target Support Files/Pods-XMSampleTests/Pods-XMSampleTests.release.xcconfig"; sourceTree = "<group>"; };
		5FF6ED92FEAB3A89F175AA18 /* Pods-XMSample.release.xcconfig */ = {isa = PBXFileReference; includeInIndex = 1; lastKnownFileType = text.xcconfig; name = "Pods-XMSample.release.xcconfig"; path = "Pods/Target Support Files/Pods-XMSample/Pods-XMSample.release.xcconfig"; sourceTree = "<group>"; };
		863CF85E1FAB011A00695886 /* XMTabbarViewItemProtocol.h */ = {isa = PBXFileReference; lastKnownFileType = sourcecode.c.h; path = XMTabbarViewItemProtocol.h; sourceTree = "<group>"; };
		863CF85F1FAB02D600695886 /* SampleViewController.h */ = {isa = PBXFileReference; lastKnownFileType = sourcecode.c.h; path = SampleViewController.h; sourceTree = "<group>"; };
		863CF8601FAB02D600695886 /* SampleViewController.m */ = {isa = PBXFileReference; lastKnownFileType = sourcecode.c.objc; path = SampleViewController.m; sourceTree = "<group>"; };
		865F7A981FB1A5CD004BE74A /* XMSubHeader.h */ = {isa = PBXFileReference; lastKnownFileType = sourcecode.c.h; path = XMSubHeader.h; sourceTree = "<group>"; };
		865F7A991FB1A5CD004BE74A /* XMSubHeader.m */ = {isa = PBXFileReference; lastKnownFileType = sourcecode.c.objc; path = XMSubHeader.m; sourceTree = "<group>"; };
		867A74111FB2A5AE0024E096 /* XMHeaderView.h */ = {isa = PBXFileReference; lastKnownFileType = sourcecode.c.h; path = XMHeaderView.h; sourceTree = "<group>"; };
		867A74121FB2A5AE0024E096 /* XMHeaderView.m */ = {isa = PBXFileReference; lastKnownFileType = sourcecode.c.objc; path = XMHeaderView.m; sourceTree = "<group>"; };
		868D72911FB3F5A600164B3C /* SampleNavController.h */ = {isa = PBXFileReference; lastKnownFileType = sourcecode.c.h; path = SampleNavController.h; sourceTree = "<group>"; };
		868D72921FB3F5A600164B3C /* SampleNavController.m */ = {isa = PBXFileReference; lastKnownFileType = sourcecode.c.objc; path = SampleNavController.m; sourceTree = "<group>"; };
		86AE314D1FA95DE500927F55 /* XMSample.app */ = {isa = PBXFileReference; explicitFileType = wrapper.application; includeInIndex = 0; path = XMSample.app; sourceTree = BUILT_PRODUCTS_DIR; };
		86AE31501FA95DE500927F55 /* AppDelegate.h */ = {isa = PBXFileReference; lastKnownFileType = sourcecode.c.h; path = AppDelegate.h; sourceTree = "<group>"; };
		86AE31511FA95DE500927F55 /* AppDelegate.m */ = {isa = PBXFileReference; lastKnownFileType = sourcecode.c.objc; path = AppDelegate.m; sourceTree = "<group>"; };
		86AE31531FA95DE500927F55 /* ViewController.h */ = {isa = PBXFileReference; lastKnownFileType = sourcecode.c.h; path = ViewController.h; sourceTree = "<group>"; };
		86AE31541FA95DE500927F55 /* ViewController.m */ = {isa = PBXFileReference; lastKnownFileType = sourcecode.c.objc; path = ViewController.m; sourceTree = "<group>"; };
		86AE31571FA95DE500927F55 /* Base */ = {isa = PBXFileReference; lastKnownFileType = file.storyboard; name = Base; path = Base.lproj/Main.storyboard; sourceTree = "<group>"; };
		86AE31591FA95DE500927F55 /* Assets.xcassets */ = {isa = PBXFileReference; lastKnownFileType = folder.assetcatalog; path = Assets.xcassets; sourceTree = "<group>"; };
		86AE315C1FA95DE500927F55 /* Base */ = {isa = PBXFileReference; lastKnownFileType = file.storyboard; name = Base; path = Base.lproj/LaunchScreen.storyboard; sourceTree = "<group>"; };
		86AE315E1FA95DE500927F55 /* Info.plist */ = {isa = PBXFileReference; lastKnownFileType = text.plist.xml; path = Info.plist; sourceTree = "<group>"; };
		86AE315F1FA95DE500927F55 /* main.m */ = {isa = PBXFileReference; lastKnownFileType = sourcecode.c.objc; path = main.m; sourceTree = "<group>"; };
		86AE31651FA95DE600927F55 /* XMSampleTests.xctest */ = {isa = PBXFileReference; explicitFileType = wrapper.cfbundle; includeInIndex = 0; path = XMSampleTests.xctest; sourceTree = BUILT_PRODUCTS_DIR; };
		86AE31691FA95DE600927F55 /* XMSampleTests.m */ = {isa = PBXFileReference; lastKnownFileType = sourcecode.c.objc; path = XMSampleTests.m; sourceTree = "<group>"; };
		86AE316B1FA95DE600927F55 /* Info.plist */ = {isa = PBXFileReference; lastKnownFileType = text.plist.xml; path = Info.plist; sourceTree = "<group>"; };
		86AE31701FA95DE600927F55 /* XMSampleUITests.xctest */ = {isa = PBXFileReference; explicitFileType = wrapper.cfbundle; includeInIndex = 0; path = XMSampleUITests.xctest; sourceTree = BUILT_PRODUCTS_DIR; };
		86AE31741FA95DE600927F55 /* XMSampleUITests.m */ = {isa = PBXFileReference; lastKnownFileType = sourcecode.c.objc; path = XMSampleUITests.m; sourceTree = "<group>"; };
		86AE31761FA95DE600927F55 /* Info.plist */ = {isa = PBXFileReference; lastKnownFileType = text.plist.xml; path = Info.plist; sourceTree = "<group>"; };
		86AE31821FA961DD00927F55 /* XMTabbarViewController.h */ = {isa = PBXFileReference; lastKnownFileType = sourcecode.c.h; path = XMTabbarViewController.h; sourceTree = "<group>"; };
		86AE31831FA961DD00927F55 /* XMTabbarViewController.m */ = {isa = PBXFileReference; lastKnownFileType = sourcecode.c.objc; path = XMTabbarViewController.m; sourceTree = "<group>"; };
		86AE31851FA96AA500927F55 /* UIView+LayoutConstraint.h */ = {isa = PBXFileReference; lastKnownFileType = sourcecode.c.h; path = "UIView+LayoutConstraint.h"; sourceTree = "<group>"; };
		86AE31861FA96AA500927F55 /* UIView+LayoutConstraint.m */ = {isa = PBXFileReference; lastKnownFileType = sourcecode.c.objc; path = "UIView+LayoutConstraint.m"; sourceTree = "<group>"; };
		86AE31891FA9AD7500927F55 /* xmusic-iconfont.eot */ = {isa = PBXFileReference; lastKnownFileType = file; path = "xmusic-iconfont.eot"; sourceTree = "<group>"; };
		86AE318A1FA9AD7500927F55 /* xmusic-iconfont.svg */ = {isa = PBXFileReference; fileEncoding = 4; lastKnownFileType = text.xml; path = "xmusic-iconfont.svg"; sourceTree = "<group>"; };
		86AE318B1FA9AD7500927F55 /* xmusic-iconfont.ttf */ = {isa = PBXFileReference; lastKnownFileType = file; path = "xmusic-iconfont.ttf"; sourceTree = "<group>"; };
		86AE318C1FA9AD7500927F55 /* xmusic-iconfont.woff */ = {isa = PBXFileReference; lastKnownFileType = file; path = "xmusic-iconfont.woff"; sourceTree = "<group>"; };
		86AE31911FA9B0CD00927F55 /* UIImage+Ext.h */ = {isa = PBXFileReference; lastKnownFileType = sourcecode.c.h; path = "UIImage+Ext.h"; sourceTree = "<group>"; };
		86AE31921FA9B0CD00927F55 /* UIImage+Ext.m */ = {isa = PBXFileReference; lastKnownFileType = sourcecode.c.objc; path = "UIImage+Ext.m"; sourceTree = "<group>"; };
		86C702BD1FAC202F00C463BD /* XMTableView.h */ = {isa = PBXFileReference; lastKnownFileType = sourcecode.c.h; path = XMTableView.h; sourceTree = "<group>"; };
		86C702BE1FAC202F00C463BD /* XMTableView.m */ = {isa = PBXFileReference; lastKnownFileType = sourcecode.c.objc; path = XMTableView.m; sourceTree = "<group>"; };
		86C702C01FAC205700C463BD /* XMTableViewCell.h */ = {isa = PBXFileReference; lastKnownFileType = sourcecode.c.h; path = XMTableViewCell.h; sourceTree = "<group>"; };
		86C702C11FAC205700C463BD /* XMTableViewCell.m */ = {isa = PBXFileReference; lastKnownFileType = sourcecode.c.objc; path = XMTableViewCell.m; sourceTree = "<group>"; };
		86D4B72A1FB2B60600E8C9DF /* CarouselizedCell.h */ = {isa = PBXFileReference; lastKnownFileType = sourcecode.c.h; path = CarouselizedCell.h; sourceTree = "<group>"; };
		86D4B72B1FB2B60600E8C9DF /* CarouselizedCell.m */ = {isa = PBXFileReference; lastKnownFileType = sourcecode.c.objc; path = CarouselizedCell.m; sourceTree = "<group>"; };
		884EC935429AFBC892907DAB /* libPods-XMSampleUITests.a */ = {isa = PBXFileReference; explicitFileType = archive.ar; includeInIndex = 0; path = "libPods-XMSampleUITests.a"; sourceTree = BUILT_PRODUCTS_DIR; };
		8C84CB8F11F968F813C33DD6 /* Pods-XMSampleUITests.release.xcconfig */ = {isa = PBXFileReference; includeInIndex = 1; lastKnownFileType = text.xcconfig; name = "Pods-XMSampleUITests.release.xcconfig"; path = "Pods/Target Support Files/Pods-XMSampleUITests/Pods-XMSampleUITests.release.xcconfig"; sourceTree = "<group>"; };
		9B6268FEF84445E57FFD2EFA /* Pods-XMSampleUITests.debug.xcconfig */ = {isa = PBXFileReference; includeInIndex = 1; lastKnownFileType = text.xcconfig; name = "Pods-XMSampleUITests.debug.xcconfig"; path = "Pods/Target Support Files/Pods-XMSampleUITests/Pods-XMSampleUITests.debug.xcconfig"; sourceTree = "<group>"; };
/* End PBXFileReference section */

/* Begin PBXFrameworksBuildPhase section */
		86AE314A1FA95DE500927F55 /* Frameworks */ = {
			isa = PBXFrameworksBuildPhase;
			buildActionMask = 2147483647;
			files = (
				CD6AD4849BBF84CD0CA76032 /* libPods-XMSample.a in Frameworks */,
			);
			runOnlyForDeploymentPostprocessing = 0;
		};
		86AE31621FA95DE600927F55 /* Frameworks */ = {
			isa = PBXFrameworksBuildPhase;
			buildActionMask = 2147483647;
			files = (
				2C683BB7B46270A1CC51484C /* libPods-XMSampleTests.a in Frameworks */,
			);
			runOnlyForDeploymentPostprocessing = 0;
		};
		86AE316D1FA95DE600927F55 /* Frameworks */ = {
			isa = PBXFrameworksBuildPhase;
			buildActionMask = 2147483647;
			files = (
				E2BCEA4222EE9BD8594BA48B /* libPods-XMSampleUITests.a in Frameworks */,
			);
			runOnlyForDeploymentPostprocessing = 0;
		};
/* End PBXFrameworksBuildPhase section */

/* Begin PBXGroup section */
		00184A00594A668166F48914 /* Frameworks */ = {
			isa = PBXGroup;
			children = (
				06D2366559B949F5E395270E /* libPods-XMSample.a */,
				1E02AE184FE14C4F8075C57E /* libPods-XMSampleTests.a */,
				884EC935429AFBC892907DAB /* libPods-XMSampleUITests.a */,
			);
			name = Frameworks;
			sourceTree = "<group>";
		};
		4D9B32C264D7A0536E84372F /* Pods */ = {
			isa = PBXGroup;
			children = (
				0D684D2FC760D5364FBB37A5 /* Pods-XMSample.debug.xcconfig */,
				5FF6ED92FEAB3A89F175AA18 /* Pods-XMSample.release.xcconfig */,
				2B29FD1C294E9FCDE116D224 /* Pods-XMSampleTests.debug.xcconfig */,
				42AD247058192323670C0C63 /* Pods-XMSampleTests.release.xcconfig */,
				9B6268FEF84445E57FFD2EFA /* Pods-XMSampleUITests.debug.xcconfig */,
				8C84CB8F11F968F813C33DD6 /* Pods-XMSampleUITests.release.xcconfig */,
			);
			name = Pods;
			sourceTree = "<group>";
		};
		86AE31441FA95DE500927F55 = {
			isa = PBXGroup;
			children = (
				86AE314F1FA95DE500927F55 /* XMSample */,
				86AE31681FA95DE600927F55 /* XMSampleTests */,
				86AE31731FA95DE600927F55 /* XMSampleUITests */,
				86AE314E1FA95DE500927F55 /* Products */,
				4D9B32C264D7A0536E84372F /* Pods */,
				00184A00594A668166F48914 /* Frameworks */,
			);
			sourceTree = "<group>";
		};
		86AE314E1FA95DE500927F55 /* Products */ = {
			isa = PBXGroup;
			children = (
				86AE314D1FA95DE500927F55 /* XMSample.app */,
				86AE31651FA95DE600927F55 /* XMSampleTests.xctest */,
				86AE31701FA95DE600927F55 /* XMSampleUITests.xctest */,
			);
			name = Products;
			sourceTree = "<group>";
		};
		86AE314F1FA95DE500927F55 /* XMSample */ = {
			isa = PBXGroup;
			children = (
				86AE31881FA9AD7500927F55 /* fonts */,
				86AE31501FA95DE500927F55 /* AppDelegate.h */,
				86AE31511FA95DE500927F55 /* AppDelegate.m */,
				86AE31531FA95DE500927F55 /* ViewController.h */,
				86AE31541FA95DE500927F55 /* ViewController.m */,
				86AE31561FA95DE500927F55 /* Main.storyboard */,
				86AE31591FA95DE500927F55 /* Assets.xcassets */,
				86AE315B1FA95DE500927F55 /* LaunchScreen.storyboard */,
				86AE315E1FA95DE500927F55 /* Info.plist */,
				86AE315F1FA95DE500927F55 /* main.m */,
				86AE31821FA961DD00927F55 /* XMTabbarViewController.h */,
				86AE31831FA961DD00927F55 /* XMTabbarViewController.m */,
				86AE31851FA96AA500927F55 /* UIView+LayoutConstraint.h */,
				86AE31861FA96AA500927F55 /* UIView+LayoutConstraint.m */,
				86AE31911FA9B0CD00927F55 /* UIImage+Ext.h */,
				86AE31921FA9B0CD00927F55 /* UIImage+Ext.m */,
				863CF85E1FAB011A00695886 /* XMTabbarViewItemProtocol.h */,
				863CF85F1FAB02D600695886 /* SampleViewController.h */,
				863CF8601FAB02D600695886 /* SampleViewController.m */,
				86C702BD1FAC202F00C463BD /* XMTableView.h */,
				86C702BE1FAC202F00C463BD /* XMTableView.m */,
				86C702C01FAC205700C463BD /* XMTableViewCell.h */,
				86C702C11FAC205700C463BD /* XMTableViewCell.m */,
				865F7A981FB1A5CD004BE74A /* XMSubHeader.h */,
				865F7A991FB1A5CD004BE74A /* XMSubHeader.m */,
				867A74111FB2A5AE0024E096 /* XMHeaderView.h */,
				867A74121FB2A5AE0024E096 /* XMHeaderView.m */,
				86D4B72A1FB2B60600E8C9DF /* CarouselizedCell.h */,
				86D4B72B1FB2B60600E8C9DF /* CarouselizedCell.m */,
				868D72911FB3F5A600164B3C /* SampleNavController.h */,
				868D72921FB3F5A600164B3C /* SampleNavController.m */,
			);
			path = XMSample;
			sourceTree = "<group>";
		};
		86AE31681FA95DE600927F55 /* XMSampleTests */ = {
			isa = PBXGroup;
			children = (
				86AE31691FA95DE600927F55 /* XMSampleTests.m */,
				86AE316B1FA95DE600927F55 /* Info.plist */,
			);
			path = XMSampleTests;
			sourceTree = "<group>";
		};
		86AE31731FA95DE600927F55 /* XMSampleUITests */ = {
			isa = PBXGroup;
			children = (
				86AE31741FA95DE600927F55 /* XMSampleUITests.m */,
				86AE31761FA95DE600927F55 /* Info.plist */,
			);
			path = XMSampleUITests;
			sourceTree = "<group>";
		};
		86AE31881FA9AD7500927F55 /* fonts */ = {
			isa = PBXGroup;
			children = (
				86AE31891FA9AD7500927F55 /* xmusic-iconfont.eot */,
				86AE318A1FA9AD7500927F55 /* xmusic-iconfont.svg */,
				86AE318B1FA9AD7500927F55 /* xmusic-iconfont.ttf */,
				86AE318C1FA9AD7500927F55 /* xmusic-iconfont.woff */,
			);
			path = fonts;
			sourceTree = "<group>";
		};
/* End PBXGroup section */

/* Begin PBXNativeTarget section */
		86AE314C1FA95DE500927F55 /* XMSample */ = {
			isa = PBXNativeTarget;
			buildConfigurationList = 86AE31791FA95DE600927F55 /* Build configuration list for PBXNativeTarget "XMSample" */;
			buildPhases = (
				11D39F2D02B8CE1126AA6177 /* [CP] Check Pods Manifest.lock */,
				86AE31491FA95DE500927F55 /* Sources */,
				86AE314A1FA95DE500927F55 /* Frameworks */,
				86AE314B1FA95DE500927F55 /* Resources */,
				BFC71FB03D7B5131DBE35906 /* [CP] Embed Pods Frameworks */,
				B6EDE777C8D429046B5CEA90 /* [CP] Copy Pods Resources */,
			);
			buildRules = (
			);
			dependencies = (
			);
			name = XMSample;
			productName = XMSample;
			productReference = 86AE314D1FA95DE500927F55 /* XMSample.app */;
			productType = "com.apple.product-type.application";
		};
		86AE31641FA95DE600927F55 /* XMSampleTests */ = {
			isa = PBXNativeTarget;
			buildConfigurationList = 86AE317C1FA95DE600927F55 /* Build configuration list for PBXNativeTarget "XMSampleTests" */;
			buildPhases = (
				0F167C2498F221E06D3B0969 /* [CP] Check Pods Manifest.lock */,
				86AE31611FA95DE600927F55 /* Sources */,
				86AE31621FA95DE600927F55 /* Frameworks */,
				86AE31631FA95DE600927F55 /* Resources */,
				4C5E3B198F7C0B0CDB739C18 /* [CP] Embed Pods Frameworks */,
				7619CCF0DA62ADCD5AD5967B /* [CP] Copy Pods Resources */,
			);
			buildRules = (
			);
			dependencies = (
				86AE31671FA95DE600927F55 /* PBXTargetDependency */,
			);
			name = XMSampleTests;
			productName = XMSampleTests;
			productReference = 86AE31651FA95DE600927F55 /* XMSampleTests.xctest */;
			productType = "com.apple.product-type.bundle.unit-test";
		};
		86AE316F1FA95DE600927F55 /* XMSampleUITests */ = {
			isa = PBXNativeTarget;
			buildConfigurationList = 86AE317F1FA95DE600927F55 /* Build configuration list for PBXNativeTarget "XMSampleUITests" */;
			buildPhases = (
				E45AD9FBD8CAA9E85DEF36E7 /* [CP] Check Pods Manifest.lock */,
				86AE316C1FA95DE600927F55 /* Sources */,
				86AE316D1FA95DE600927F55 /* Frameworks */,
				86AE316E1FA95DE600927F55 /* Resources */,
				53D4A574F031DE7565671FBA /* [CP] Embed Pods Frameworks */,
				9ECDE69DE42609268627C92A /* [CP] Copy Pods Resources */,
			);
			buildRules = (
			);
			dependencies = (
				86AE31721FA95DE600927F55 /* PBXTargetDependency */,
			);
			name = XMSampleUITests;
			productName = XMSampleUITests;
			productReference = 86AE31701FA95DE600927F55 /* XMSampleUITests.xctest */;
			productType = "com.apple.product-type.bundle.ui-testing";
		};
/* End PBXNativeTarget section */

/* Begin PBXProject section */
		86AE31451FA95DE500927F55 /* Project object */ = {
			isa = PBXProject;
			attributes = {
				LastUpgradeCheck = 0900;
				ORGANIZATIONNAME = "Hoan Nguyen";
				TargetAttributes = {
					86AE314C1FA95DE500927F55 = {
						CreatedOnToolsVersion = 9.0.1;
						ProvisioningStyle = Automatic;
					};
					86AE31641FA95DE600927F55 = {
						CreatedOnToolsVersion = 9.0.1;
						ProvisioningStyle = Automatic;
						TestTargetID = 86AE314C1FA95DE500927F55;
					};
					86AE316F1FA95DE600927F55 = {
						CreatedOnToolsVersion = 9.0.1;
						ProvisioningStyle = Automatic;
						TestTargetID = 86AE314C1FA95DE500927F55;
					};
				};
			};
			buildConfigurationList = 86AE31481FA95DE500927F55 /* Build configuration list for PBXProject "XMSample" */;
			compatibilityVersion = "Xcode 8.0";
			developmentRegion = en;
			hasScannedForEncodings = 0;
			knownRegions = (
				en,
				Base,
			);
			mainGroup = 86AE31441FA95DE500927F55;
			productRefGroup = 86AE314E1FA95DE500927F55 /* Products */;
			projectDirPath = "";
			projectRoot = "";
			targets = (
				86AE314C1FA95DE500927F55 /* XMSample */,
				86AE31641FA95DE600927F55 /* XMSampleTests */,
				86AE316F1FA95DE600927F55 /* XMSampleUITests */,
			);
		};
/* End PBXProject section */

/* Begin PBXResourcesBuildPhase section */
		86AE314B1FA95DE500927F55 /* Resources */ = {
			isa = PBXResourcesBuildPhase;
			buildActionMask = 2147483647;
			files = (
				86AE315D1FA95DE500927F55 /* LaunchScreen.storyboard in Resources */,
				86AE318F1FA9AD7500927F55 /* xmusic-iconfont.ttf in Resources */,
				86AE318E1FA9AD7500927F55 /* xmusic-iconfont.svg in Resources */,
				86AE31901FA9AD7500927F55 /* xmusic-iconfont.woff in Resources */,
				86AE315A1FA95DE500927F55 /* Assets.xcassets in Resources */,
				86AE31581FA95DE500927F55 /* Main.storyboard in Resources */,
				86AE318D1FA9AD7500927F55 /* xmusic-iconfont.eot in Resources */,
			);
			runOnlyForDeploymentPostprocessing = 0;
		};
		86AE31631FA95DE600927F55 /* Resources */ = {
			isa = PBXResourcesBuildPhase;
			buildActionMask = 2147483647;
			files = (
			);
			runOnlyForDeploymentPostprocessing = 0;
		};
		86AE316E1FA95DE600927F55 /* Resources */ = {
			isa = PBXResourcesBuildPhase;
			buildActionMask = 2147483647;
			files = (
			);
			runOnlyForDeploymentPostprocessing = 0;
		};
/* End PBXResourcesBuildPhase section */

/* Begin PBXShellScriptBuildPhase section */
		0F167C2498F221E06D3B0969 /* [CP] Check Pods Manifest.lock */ = {
			isa = PBXShellScriptBuildPhase;
			buildActionMask = 2147483647;
			files = (
			);
			inputPaths = (
			);
			name = "[CP] Check Pods Manifest.lock";
			outputPaths = (
			);
			runOnlyForDeploymentPostprocessing = 0;
			shellPath = /bin/sh;
			shellScript = "diff \"${PODS_ROOT}/../Podfile.lock\" \"${PODS_ROOT}/Manifest.lock\" > /dev/null\nif [ $? != 0 ] ; then\n    # print error to STDERR\n    echo \"error: The sandbox is not in sync with the Podfile.lock. Run 'pod install' or update your CocoaPods installation.\" >&2\n    exit 1\nfi\n";
			showEnvVarsInLog = 0;
		};
		11D39F2D02B8CE1126AA6177 /* [CP] Check Pods Manifest.lock */ = {
			isa = PBXShellScriptBuildPhase;
			buildActionMask = 2147483647;
			files = (
			);
			inputPaths = (
			);
			name = "[CP] Check Pods Manifest.lock";
			outputPaths = (
			);
			runOnlyForDeploymentPostprocessing = 0;
			shellPath = /bin/sh;
			shellScript = "diff \"${PODS_ROOT}/../Podfile.lock\" \"${PODS_ROOT}/Manifest.lock\" > /dev/null\nif [ $? != 0 ] ; then\n    # print error to STDERR\n    echo \"error: The sandbox is not in sync with the Podfile.lock. Run 'pod install' or update your CocoaPods installation.\" >&2\n    exit 1\nfi\n";
			showEnvVarsInLog = 0;
		};
		4C5E3B198F7C0B0CDB739C18 /* [CP] Embed Pods Frameworks */ = {
			isa = PBXShellScriptBuildPhase;
			buildActionMask = 2147483647;
			files = (
			);
			inputPaths = (
			);
			name = "[CP] Embed Pods Frameworks";
			outputPaths = (
			);
			runOnlyForDeploymentPostprocessing = 0;
			shellPath = /bin/sh;
			shellScript = "\"${SRCROOT}/Pods/Target Support Files/Pods-XMSampleTests/Pods-XMSampleTests-frameworks.sh\"\n";
			showEnvVarsInLog = 0;
		};
		53D4A574F031DE7565671FBA /* [CP] Embed Pods Frameworks */ = {
			isa = PBXShellScriptBuildPhase;
			buildActionMask = 2147483647;
			files = (
			);
			inputPaths = (
			);
			name = "[CP] Embed Pods Frameworks";
			outputPaths = (
			);
			runOnlyForDeploymentPostprocessing = 0;
			shellPath = /bin/sh;
			shellScript = "\"${SRCROOT}/Pods/Target Support Files/Pods-XMSampleUITests/Pods-XMSampleUITests-frameworks.sh\"\n";
			showEnvVarsInLog = 0;
		};
		7619CCF0DA62ADCD5AD5967B /* [CP] Copy Pods Resources */ = {
			isa = PBXShellScriptBuildPhase;
			buildActionMask = 2147483647;
			files = (
			);
			inputPaths = (
			);
			name = "[CP] Copy Pods Resources";
			outputPaths = (
			);
			runOnlyForDeploymentPostprocessing = 0;
			shellPath = /bin/sh;
			shellScript = "\"${SRCROOT}/Pods/Target Support Files/Pods-XMSampleTests/Pods-XMSampleTests-resources.sh\"\n";
			showEnvVarsInLog = 0;
		};
		9ECDE69DE42609268627C92A /* [CP] Copy Pods Resources */ = {
			isa = PBXShellScriptBuildPhase;
			buildActionMask = 2147483647;
			files = (
			);
			inputPaths = (
			);
			name = "[CP] Copy Pods Resources";
			outputPaths = (
			);
			runOnlyForDeploymentPostprocessing = 0;
			shellPath = /bin/sh;
			shellScript = "\"${SRCROOT}/Pods/Target Support Files/Pods-XMSampleUITests/Pods-XMSampleUITests-resources.sh\"\n";
			showEnvVarsInLog = 0;
		};
		B6EDE777C8D429046B5CEA90 /* [CP] Copy Pods Resources */ = {
			isa = PBXShellScriptBuildPhase;
			buildActionMask = 2147483647;
			files = (
			);
			inputPaths = (
			);
			name = "[CP] Copy Pods Resources";
			outputPaths = (
			);
			runOnlyForDeploymentPostprocessing = 0;
			shellPath = /bin/sh;
			shellScript = "\"${SRCROOT}/Pods/Target Support Files/Pods-XMSample/Pods-XMSample-resources.sh\"\n";
			showEnvVarsInLog = 0;
		};
		BFC71FB03D7B5131DBE35906 /* [CP] Embed Pods Frameworks */ = {
			isa = PBXShellScriptBuildPhase;
			buildActionMask = 2147483647;
			files = (
			);
			inputPaths = (
			);
			name = "[CP] Embed Pods Frameworks";
			outputPaths = (
			);
			runOnlyForDeploymentPostprocessing = 0;
			shellPath = /bin/sh;
			shellScript = "\"${SRCROOT}/Pods/Target Support Files/Pods-XMSample/Pods-XMSample-frameworks.sh\"\n";
			showEnvVarsInLog = 0;
		};
		E45AD9FBD8CAA9E85DEF36E7 /* [CP] Check Pods Manifest.lock */ = {
			isa = PBXShellScriptBuildPhase;
			buildActionMask = 2147483647;
			files = (
			);
			inputPaths = (
			);
			name = "[CP] Check Pods Manifest.lock";
			outputPaths = (
			);
			runOnlyForDeploymentPostprocessing = 0;
			shellPath = /bin/sh;
			shellScript = "diff \"${PODS_ROOT}/../Podfile.lock\" \"${PODS_ROOT}/Manifest.lock\" > /dev/null\nif [ $? != 0 ] ; then\n    # print error to STDERR\n    echo \"error: The sandbox is not in sync with the Podfile.lock. Run 'pod install' or update your CocoaPods installation.\" >&2\n    exit 1\nfi\n";
			showEnvVarsInLog = 0;
		};
/* End PBXShellScriptBuildPhase section */

/* Begin PBXSourcesBuildPhase section */
		86AE31491FA95DE500927F55 /* Sources */ = {
			isa = PBXSourcesBuildPhase;
			buildActionMask = 2147483647;
			files = (
				865F7A9A1FB1A5CD004BE74A /* XMSubHeader.m in Sources */,
				86C702C21FAC205700C463BD /* XMTableViewCell.m in Sources */,
				86C702BF1FAC202F00C463BD /* XMTableView.m in Sources */,
				86AE31871FA96AA600927F55 /* UIView+LayoutConstraint.m in Sources */,
				867A74131FB2A5AE0024E096 /* XMHeaderView.m in Sources */,
				86AE31551FA95DE500927F55 /* ViewController.m in Sources */,
				86AE31601FA95DE500927F55 /* main.m in Sources */,
				86AE31931FA9B0CD00927F55 /* UIImage+Ext.m in Sources */,
				86AE31521FA95DE500927F55 /* AppDelegate.m in Sources */,
				863CF8611FAB02D600695886 /* SampleViewController.m in Sources */,
				868D72931FB3F5A600164B3C /* SampleNavController.m in Sources */,
				86AE31841FA961DD00927F55 /* XMTabbarViewController.m in Sources */,
				86D4B72C1FB2B60600E8C9DF /* CarouselizedCell.m in Sources */,
			);
			runOnlyForDeploymentPostprocessing = 0;
		};
		86AE31611FA95DE600927F55 /* Sources */ = {
			isa = PBXSourcesBuildPhase;
			buildActionMask = 2147483647;
			files = (
				86AE316A1FA95DE600927F55 /* XMSampleTests.m in Sources */,
			);
			runOnlyForDeploymentPostprocessing = 0;
		};
		86AE316C1FA95DE600927F55 /* Sources */ = {
			isa = PBXSourcesBuildPhase;
			buildActionMask = 2147483647;
			files = (
				86AE31751FA95DE600927F55 /* XMSampleUITests.m in Sources */,
			);
			runOnlyForDeploymentPostprocessing = 0;
		};
/* End PBXSourcesBuildPhase section */

/* Begin PBXTargetDependency section */
		86AE31671FA95DE600927F55 /* PBXTargetDependency */ = {
			isa = PBXTargetDependency;
			target = 86AE314C1FA95DE500927F55 /* XMSample */;
			targetProxy = 86AE31661FA95DE600927F55 /* PBXContainerItemProxy */;
		};
		86AE31721FA95DE600927F55 /* PBXTargetDependency */ = {
			isa = PBXTargetDependency;
			target = 86AE314C1FA95DE500927F55 /* XMSample */;
			targetProxy = 86AE31711FA95DE600927F55 /* PBXContainerItemProxy */;
		};
/* End PBXTargetDependency section */

/* Begin PBXVariantGroup section */
		86AE31561FA95DE500927F55 /* Main.storyboard */ = {
			isa = PBXVariantGroup;
			children = (
				86AE31571FA95DE500927F55 /* Base */,
			);
			name = Main.storyboard;
			sourceTree = "<group>";
		};
		86AE315B1FA95DE500927F55 /* LaunchScreen.storyboard */ = {
			isa = PBXVariantGroup;
			children = (
				86AE315C1FA95DE500927F55 /* Base */,
			);
			name = LaunchScreen.storyboard;
			sourceTree = "<group>";
		};
/* End PBXVariantGroup section */

/* Begin XCBuildConfiguration section */
		86AE31771FA95DE600927F55 /* Debug */ = {
			isa = XCBuildConfiguration;
			buildSettings = {
				ALWAYS_SEARCH_USER_PATHS = NO;
				CLANG_ANALYZER_NONNULL = YES;
				CLANG_ANALYZER_NUMBER_OBJECT_CONVERSION = YES_AGGRESSIVE;
				CLANG_CXX_LANGUAGE_STANDARD = "gnu++14";
				CLANG_CXX_LIBRARY = "libc++";
				CLANG_ENABLE_MODULES = YES;
				CLANG_ENABLE_OBJC_ARC = YES;
				CLANG_WARN_BLOCK_CAPTURE_AUTORELEASING = YES;
				CLANG_WARN_BOOL_CONVERSION = YES;
				CLANG_WARN_COMMA = YES;
				CLANG_WARN_CONSTANT_CONVERSION = YES;
				CLANG_WARN_DIRECT_OBJC_ISA_USAGE = YES_ERROR;
				CLANG_WARN_DOCUMENTATION_COMMENTS = YES;
				CLANG_WARN_EMPTY_BODY = YES;
				CLANG_WARN_ENUM_CONVERSION = YES;
				CLANG_WARN_INFINITE_RECURSION = YES;
				CLANG_WARN_INT_CONVERSION = YES;
				CLANG_WARN_NON_LITERAL_NULL_CONVERSION = YES;
				CLANG_WARN_OBJC_LITERAL_CONVERSION = YES;
				CLANG_WARN_OBJC_ROOT_CLASS = YES_ERROR;
				CLANG_WARN_RANGE_LOOP_ANALYSIS = YES;
				CLANG_WARN_STRICT_PROTOTYPES = YES;
				CLANG_WARN_SUSPICIOUS_MOVE = YES;
				CLANG_WARN_UNGUARDED_AVAILABILITY = YES_AGGRESSIVE;
				CLANG_WARN_UNREACHABLE_CODE = YES;
				CLANG_WARN__DUPLICATE_METHOD_MATCH = YES;
				CODE_SIGN_IDENTITY = "iPhone Developer";
				COPY_PHASE_STRIP = NO;
				DEBUG_INFORMATION_FORMAT = dwarf;
				ENABLE_STRICT_OBJC_MSGSEND = YES;
				ENABLE_TESTABILITY = YES;
				GCC_C_LANGUAGE_STANDARD = gnu11;
				GCC_DYNAMIC_NO_PIC = NO;
				GCC_NO_COMMON_BLOCKS = YES;
				GCC_OPTIMIZATION_LEVEL = 0;
				GCC_PREPROCESSOR_DEFINITIONS = (
					"DEBUG=1",
					"$(inherited)",
				);
				GCC_WARN_64_TO_32_BIT_CONVERSION = YES;
				GCC_WARN_ABOUT_RETURN_TYPE = YES_ERROR;
				GCC_WARN_UNDECLARED_SELECTOR = YES;
				GCC_WARN_UNINITIALIZED_AUTOS = YES_AGGRESSIVE;
				GCC_WARN_UNUSED_FUNCTION = YES;
				GCC_WARN_UNUSED_VARIABLE = YES;
				IPHONEOS_DEPLOYMENT_TARGET = 8.0;
				MTL_ENABLE_DEBUG_INFO = YES;
				ONLY_ACTIVE_ARCH = YES;
				SDKROOT = iphoneos;
			};
			name = Debug;
		};
		86AE31781FA95DE600927F55 /* Release */ = {
			isa = XCBuildConfiguration;
			buildSettings = {
				ALWAYS_SEARCH_USER_PATHS = NO;
				CLANG_ANALYZER_NONNULL = YES;
				CLANG_ANALYZER_NUMBER_OBJECT_CONVERSION = YES_AGGRESSIVE;
				CLANG_CXX_LANGUAGE_STANDARD = "gnu++14";
				CLANG_CXX_LIBRARY = "libc++";
				CLANG_ENABLE_MODULES = YES;
				CLANG_ENABLE_OBJC_ARC = YES;
				CLANG_WARN_BLOCK_CAPTURE_AUTORELEASING = YES;
				CLANG_WARN_BOOL_CONVERSION = YES;
				CLANG_WARN_COMMA = YES;
				CLANG_WARN_CONSTANT_CONVERSION = YES;
				CLANG_WARN_DIRECT_OBJC_ISA_USAGE = YES_ERROR;
				CLANG_WARN_DOCUMENTATION_COMMENTS = YES;
				CLANG_WARN_EMPTY_BODY = YES;
				CLANG_WARN_ENUM_CONVERSION = YES;
				CLANG_WARN_INFINITE_RECURSION = YES;
				CLANG_WARN_INT_CONVERSION = YES;
				CLANG_WARN_NON_LITERAL_NULL_CONVERSION = YES;
				CLANG_WARN_OBJC_LITERAL_CONVERSION = YES;
				CLANG_WARN_OBJC_ROOT_CLASS = YES_ERROR;
				CLANG_WARN_RANGE_LOOP_ANALYSIS = YES;
				CLANG_WARN_STRICT_PROTOTYPES = YES;
				CLANG_WARN_SUSPICIOUS_MOVE = YES;
				CLANG_WARN_UNGUARDED_AVAILABILITY = YES_AGGRESSIVE;
				CLANG_WARN_UNREACHABLE_CODE = YES;
				CLANG_WARN__DUPLICATE_METHOD_MATCH = YES;
				CODE_SIGN_IDENTITY = "iPhone Developer";
				COPY_PHASE_STRIP = NO;
				DEBUG_INFORMATION_FORMAT = "dwarf-with-dsym";
				ENABLE_NS_ASSERTIONS = NO;
				ENABLE_STRICT_OBJC_MSGSEND = YES;
				GCC_C_LANGUAGE_STANDARD = gnu11;
				GCC_NO_COMMON_BLOCKS = YES;
				GCC_WARN_64_TO_32_BIT_CONVERSION = YES;
				GCC_WARN_ABOUT_RETURN_TYPE = YES_ERROR;
				GCC_WARN_UNDECLARED_SELECTOR = YES;
				GCC_WARN_UNINITIALIZED_AUTOS = YES_AGGRESSIVE;
				GCC_WARN_UNUSED_FUNCTION = YES;
				GCC_WARN_UNUSED_VARIABLE = YES;
				IPHONEOS_DEPLOYMENT_TARGET = 8.0;
				MTL_ENABLE_DEBUG_INFO = NO;
				SDKROOT = iphoneos;
				VALIDATE_PRODUCT = YES;
			};
			name = Release;
		};
		86AE317A1FA95DE600927F55 /* Debug */ = {
			isa = XCBuildConfiguration;
			baseConfigurationReference = 0D684D2FC760D5364FBB37A5 /* Pods-XMSample.debug.xcconfig */;
			buildSettings = {
				ASSETCATALOG_COMPILER_APPICON_NAME = AppIcon;
				CODE_SIGN_STYLE = Automatic;
				DEVELOPMENT_TEAM = 5636JWQJGM;
				INFOPLIST_FILE = XMSample/Info.plist;
				IPHONEOS_DEPLOYMENT_TARGET = 8.0;
				LD_RUNPATH_SEARCH_PATHS = "$(inherited) @executable_path/Frameworks";
				PRODUCT_BUNDLE_IDENTIFIER = com.nct.ios.XMSample;
				PRODUCT_NAME = "$(TARGET_NAME)";
				TARGETED_DEVICE_FAMILY = "1,2";
			};
			name = Debug;
		};
		86AE317B1FA95DE600927F55 /* Release */ = {
			isa = XCBuildConfiguration;
			baseConfigurationReference = 5FF6ED92FEAB3A89F175AA18 /* Pods-XMSample.release.xcconfig */;
			buildSettings = {
				ASSETCATALOG_COMPILER_APPICON_NAME = AppIcon;
				CODE_SIGN_STYLE = Automatic;
				DEVELOPMENT_TEAM = 5636JWQJGM;
				INFOPLIST_FILE = XMSample/Info.plist;
				IPHONEOS_DEPLOYMENT_TARGET = 8.0;
				LD_RUNPATH_SEARCH_PATHS = "$(inherited) @executable_path/Frameworks";
				PRODUCT_BUNDLE_IDENTIFIER = com.nct.ios.XMSample;
				PRODUCT_NAME = "$(TARGET_NAME)";
				TARGETED_DEVICE_FAMILY = "1,2";
			};
			name = Release;
		};
		86AE317D1FA95DE600927F55 /* Debug */ = {
			isa = XCBuildConfiguration;
			baseConfigurationReference = 2B29FD1C294E9FCDE116D224 /* Pods-XMSampleTests.debug.xcconfig */;
			buildSettings = {
				BUNDLE_LOADER = "$(TEST_HOST)";
				CODE_SIGN_STYLE = Automatic;
				DEVELOPMENT_TEAM = 5636JWQJGM;
				INFOPLIST_FILE = XMSampleTests/Info.plist;
				LD_RUNPATH_SEARCH_PATHS = "$(inherited) @executable_path/Frameworks @loader_path/Frameworks";
				PRODUCT_BUNDLE_IDENTIFIER = com.nct.ios.XMSampleTests;
				PRODUCT_NAME = "$(TARGET_NAME)";
				TARGETED_DEVICE_FAMILY = "1,2";
				TEST_HOST = "$(BUILT_PRODUCTS_DIR)/XMSample.app/XMSample";
			};
			name = Debug;
		};
		86AE317E1FA95DE600927F55 /* Release */ = {
			isa = XCBuildConfiguration;
			baseConfigurationReference = 42AD247058192323670C0C63 /* Pods-XMSampleTests.release.xcconfig */;
			buildSettings = {
				BUNDLE_LOADER = "$(TEST_HOST)";
				CODE_SIGN_STYLE = Automatic;
				DEVELOPMENT_TEAM = 5636JWQJGM;
				INFOPLIST_FILE = XMSampleTests/Info.plist;
				LD_RUNPATH_SEARCH_PATHS = "$(inherited) @executable_path/Frameworks @loader_path/Frameworks";
				PRODUCT_BUNDLE_IDENTIFIER = com.nct.ios.XMSampleTests;
				PRODUCT_NAME = "$(TARGET_NAME)";
				TARGETED_DEVICE_FAMILY = "1,2";
				TEST_HOST = "$(BUILT_PRODUCTS_DIR)/XMSample.app/XMSample";
			};
			name = Release;
		};
		86AE31801FA95DE600927F55 /* Debug */ = {
			isa = XCBuildConfiguration;
			baseConfigurationReference = 9B6268FEF84445E57FFD2EFA /* Pods-XMSampleUITests.debug.xcconfig */;
			buildSettings = {
				CODE_SIGN_STYLE = Automatic;
				DEVELOPMENT_TEAM = 5636JWQJGM;
				INFOPLIST_FILE = XMSampleUITests/Info.plist;
				LD_RUNPATH_SEARCH_PATHS = "$(inherited) @executable_path/Frameworks @loader_path/Frameworks";
				PRODUCT_BUNDLE_IDENTIFIER = com.nct.ios.XMSampleUITests;
				PRODUCT_NAME = "$(TARGET_NAME)";
				TARGETED_DEVICE_FAMILY = "1,2";
				TEST_TARGET_NAME = XMSample;
			};
			name = Debug;
		};
		86AE31811FA95DE600927F55 /* Release */ = {
			isa = XCBuildConfiguration;
			baseConfigurationReference = 8C84CB8F11F968F813C33DD6 /* Pods-XMSampleUITests.release.xcconfig */;
			buildSettings = {
				CODE_SIGN_STYLE = Automatic;
				DEVELOPMENT_TEAM = 5636JWQJGM;
				INFOPLIST_FILE = XMSampleUITests/Info.plist;
				LD_RUNPATH_SEARCH_PATHS = "$(inherited) @executable_path/Frameworks @loader_path/Frameworks";
				PRODUCT_BUNDLE_IDENTIFIER = com.nct.ios.XMSampleUITests;
				PRODUCT_NAME = "$(TARGET_NAME)";
				TARGETED_DEVICE_FAMILY = "1,2";
				TEST_TARGET_NAME = XMSample;
			};
			name = Release;
		};
/* End XCBuildConfiguration section */

/* Begin XCConfigurationList section */
		86AE31481FA95DE500927F55 /* Build configuration list for PBXProject "XMSample" */ = {
			isa = XCConfigurationList;
			buildConfigurations = (
				86AE31771FA95DE600927F55 /* Debug */,
				86AE31781FA95DE600927F55 /* Release */,
			);
			defaultConfigurationIsVisible = 0;
			defaultConfigurationName = Release;
		};
		86AE31791FA95DE600927F55 /* Build configuration list for PBXNativeTarget "XMSample" */ = {
			isa = XCConfigurationList;
			buildConfigurations = (
				86AE317A1FA95DE600927F55 /* Debug */,
				86AE317B1FA95DE600927F55 /* Release */,
			);
			defaultConfigurationIsVisible = 0;
			defaultConfigurationName = Release;
		};
		86AE317C1FA95DE600927F55 /* Build configuration list for PBXNativeTarget "XMSampleTests" */ = {
			isa = XCConfigurationList;
			buildConfigurations = (
				86AE317D1FA95DE600927F55 /* Debug */,
				86AE317E1FA95DE600927F55 /* Release */,
			);
			defaultConfigurationIsVisible = 0;
			defaultConfigurationName = Release;
		};
		86AE317F1FA95DE600927F55 /* Build configuration list for PBXNativeTarget "XMSampleUITests" */ = {
			isa = XCConfigurationList;
			buildConfigurations = (
				86AE31801FA95DE600927F55 /* Debug */,
				86AE31811FA95DE600927F55 /* Release */,
			);
			defaultConfigurationIsVisible = 0;
			defaultConfigurationName = Release;
		};
/* End XCConfigurationList section */
	};
	rootObject = 86AE31451FA95DE500927F55 /* Project object */;
}
